
Microsoft Visual Studio Solution File, Format Version 12.00
# Visual Studio Version 17
VisualStudioVersion = 17.4.35026.314
MinimumVisualStudioVersion = 10.0.40219.1
Project("{9A19103F-16F7-4668-BE54-9A1E7A4F7556}") = "NeuralNetwork", "NeuralNetwork\NeuralNetwork.csproj", "{433C228D-856A-41E8-B0AB-16DF60763FE9}"
EndProject
Project("{9A19103F-16F7-4668-BE54-9A1E7A4F7556}") = "NeuralNetworkTests", "NeuralNetworkTests\NeuralNetworkTests.csproj", "{94424C16-BF9B-464B-BD25-3D363C59AEF7}"
EndProject
Project("{FAE04EC0-301F-11D3-BF4B-00C04F79EFBC}") = "VisualInterface", "VisualInterface\VisualInterface.csproj", "{30AE846A-6AC3-4B7A-97C8-41471C11D010}"
EndProject
Global
	GlobalSection(SolutionConfigurationPlatforms) = preSolution
		Debug|Any CPU = Debug|Any CPU
		Release|Any CPU = Release|Any CPU
	EndGlobalSection
	GlobalSection(ProjectConfigurationPlatforms) = postSolution
		{433C228D-856A-41E8-B0AB-16DF60763FE9}.Debug|Any CPU.ActiveCfg = Debug|Any CPU
		{433C228D-856A-41E8-B0AB-16DF60763FE9}.Debug|Any CPU.Build.0 = Debug|Any CPU
		{433C228D-856A-41E8-B0AB-16DF60763FE9}.Release|Any CPU.ActiveCfg = Release|Any CPU
		{433C228D-856A-41E8-B0AB-16DF60763FE9}.Release|Any CPU.Build.0 = Release|Any CPU
		{94424C16-BF9B-464B-BD25-3D363C59AEF7}.Debug|Any CPU.ActiveCfg = Debug|Any CPU
		{94424C16-BF9B-464B-BD25-3D363C59AEF7}.Debug|Any CPU.Build.0 = Debug|Any CPU
		{94424C16-BF9B-464B-BD25-3D363C59AEF7}.Release|Any CPU.ActiveCfg = Release|Any CPU
		{94424C16-BF9B-464B-BD25-3D363C59AEF7}.Release|Any CPU.Build.0 = Release|Any CPU
		{30AE846A-6AC3-4B7A-97C8-41471C11D010}.Debug|Any CPU.ActiveCfg = Debug|Any CPU
		{30AE846A-6AC3-4B7A-97C8-41471C11D010}.Debug|Any CPU.Build.0 = Debug|Any CPU
		{30AE846A-6AC3-4B7A-97C8-41471C11D010}.Release|Any CPU.ActiveCfg = Release|Any CPU
		{30AE846A-6AC3-4B7A-97C8-41471C11D010}.Release|Any CPU.Build.0 = Release|Any CPU
	EndGlobalSection
	GlobalSection(SolutionProperties) = preSolution
		HideSolutionNode = FALSE
	EndGlobalSection
	GlobalSection(ExtensibilityGlobals) = postSolution
		SolutionGuid = {7335C968-D145-479F-A26D-5857277B7E11}
	EndGlobalSection
EndGlobal
